<Solution>
  <Folder Name="/Core/">
    <Project Path="Core/Domain/LibraryManagement.Domain.csproj" />
    <Project Path="Core/Services.Abstraction/LibraryManagement.Services.Abstraction.csproj" />
    <Project Path="Core/Services/LibraryManagement.Services.csproj" />
  </Folder>
  <Folder Name="/Infrastructure/">
    <Project Path="Infrastructure/Presentation/LibraryManagement.Presentation.csproj" />
    <Project Path="Infrastructure/Presistence/LibraryManagement.Persistence.csproj" />
  </Folder>
  <Project Path="LibraryManagement.API/LibraryManagement.API.csproj" />
  <Project Path="Shared/LibraryManagement.Shared.csproj" />
</Solution>
